{
  "requires": true,
  "lockfileVersion": 1,
  "dependencies": {
    "nswag": {
      "version": "13.1.3",
      "resolved": "https://registry.npmjs.org/nswag/-/nswag-13.1.3.tgz",
      "integrity": "sha512-9gQrJ+NO1co1UCnDuTjpMrtQ8cPW2HLINZkYuoZeQAG15225KhaeKRhh67c0fu0CJQGUGXoaKZe2dxOAutjWfg==",
      "dev": true
    }
  }
}
